
Microsoft Visual Studio Solution File, Format Version 12.00
# Visual Studio Version 17
VisualStudioVersion = 17.10.35122.118
MinimumVisualStudioVersion = 10.0.40219.1
Project("{9A19103F-16F7-4668-BE54-9A1E7A4F7556}") = "GestionMouvementCarte", "GestionMouvementCarte.csproj", "{A96C8CBF-491A-4A3B-A6ED-B64679AA9ADC}"
EndProject
Global
	GlobalSection(SolutionConfigurationPlatforms) = preSolution
		Debug|Any CPU = Debug|Any CPU
		Release|Any CPU = Release|Any CPU
	EndGlobalSection
	GlobalSection(ProjectConfigurationPlatforms) = postSolution
		{A96C8CBF-491A-4A3B-A6ED-B64679AA9ADC}.Debug|Any CPU.ActiveCfg = Debug|Any CPU
		{A96C8CBF-491A-4A3B-A6ED-B64679AA9ADC}.Debug|Any CPU.Build.0 = Debug|Any CPU
		{A96C8CBF-491A-4A3B-A6ED-B64679AA9ADC}.Release|Any CPU.ActiveCfg = Release|Any CPU
		{A96C8CBF-491A-4A3B-A6ED-B64679AA9ADC}.Release|Any CPU.Build.0 = Release|Any CPU
	EndGlobalSection
	GlobalSection(SolutionProperties) = preSolution
		HideSolutionNode = FALSE
	EndGlobalSection
	GlobalSection(ExtensibilityGlobals) = postSolution
		SolutionGuid = {241DE043-AE6E-4A33-9C0B-E8E75CB270AC}
	EndGlobalSection
EndGlobal
